
Microsoft Visual Studio Solution File, Format Version 12.00
# Visual Studio Version 17
VisualStudioVersion = 17.10.35027.167
MinimumVisualStudioVersion = 10.0.40219.1
Project("{FAE04EC0-301F-11D3-BF4B-00C04F79EFBC}") = "MISA.TTDat_B20DCCN178.API", "MISA.TTDat_B20DCCN178.API.csproj", "{69D59F8D-66C9-43C0-B20B-21ED30DFD69F}"
EndProject
Project("{FAE04EC0-301F-11D3-BF4B-00C04F79EFBC}") = "MISA.TTDat_B20DCCN178.Core", "..\MISA.TTDat_B20DCCN178.Core\MISA.TTDat_B20DCCN178.Core.csproj", "{C82BD2EA-F8F3-4059-9B60-FDEC86B8F12A}"
EndProject
Project("{FAE04EC0-301F-11D3-BF4B-00C04F79EFBC}") = "MISA.TTDat_B20DCC178.Infrastructure", "..\MISA.TTDat_B20DCC178.Infrastructure\MISA.TTDat_B20DCC178.Infrastructure.csproj", "{9785FC85-F9F9-4676-A57C-A8C2B8545D08}"
EndProject
Global
	GlobalSection(SolutionConfigurationPlatforms) = preSolution
		Debug|Any CPU = Debug|Any CPU
		Release|Any CPU = Release|Any CPU
	EndGlobalSection
	GlobalSection(ProjectConfigurationPlatforms) = postSolution
		{69D59F8D-66C9-43C0-B20B-21ED30DFD69F}.Debug|Any CPU.ActiveCfg = Debug|Any CPU
		{69D59F8D-66C9-43C0-B20B-21ED30DFD69F}.Debug|Any CPU.Build.0 = Debug|Any CPU
		{69D59F8D-66C9-43C0-B20B-21ED30DFD69F}.Release|Any CPU.ActiveCfg = Release|Any CPU
		{69D59F8D-66C9-43C0-B20B-21ED30DFD69F}.Release|Any CPU.Build.0 = Release|Any CPU
		{C82BD2EA-F8F3-4059-9B60-FDEC86B8F12A}.Debug|Any CPU.ActiveCfg = Debug|Any CPU
		{C82BD2EA-F8F3-4059-9B60-FDEC86B8F12A}.Debug|Any CPU.Build.0 = Debug|Any CPU
		{C82BD2EA-F8F3-4059-9B60-FDEC86B8F12A}.Release|Any CPU.ActiveCfg = Release|Any CPU
		{C82BD2EA-F8F3-4059-9B60-FDEC86B8F12A}.Release|Any CPU.Build.0 = Release|Any CPU
		{9785FC85-F9F9-4676-A57C-A8C2B8545D08}.Debug|Any CPU.ActiveCfg = Debug|Any CPU
		{9785FC85-F9F9-4676-A57C-A8C2B8545D08}.Debug|Any CPU.Build.0 = Debug|Any CPU
		{9785FC85-F9F9-4676-A57C-A8C2B8545D08}.Release|Any CPU.ActiveCfg = Release|Any CPU
		{9785FC85-F9F9-4676-A57C-A8C2B8545D08}.Release|Any CPU.Build.0 = Release|Any CPU
	EndGlobalSection
	GlobalSection(SolutionProperties) = preSolution
		HideSolutionNode = FALSE
	EndGlobalSection
	GlobalSection(ExtensibilityGlobals) = postSolution
		SolutionGuid = {7F15B1A5-F00F-4AF6-B11E-2C5D00D72EA5}
	EndGlobalSection
EndGlobal
